// !$*UTF8*$!
{
	archiveVersion = 1;
	classes = {
	};
	objectVersion = 50;
	objects = {

/* Begin PBXBuildFile section */
		D99BADB82463025E00424507 /* AppDelegate.swift in Sources */ = {isa = PBXBuildFile; fileRef = D99BADB72463025E00424507 /* AppDelegate.swift */; };
		D99BADBA2463025E00424507 /* SceneDelegate.swift in Sources */ = {isa = PBXBuildFile; fileRef = D99BADB92463025E00424507 /* SceneDelegate.swift */; };
		D99BADBC2463025E00424507 /* ViewController.swift in Sources */ = {isa = PBXBuildFile; fileRef = D99BADBB2463025E00424507 /* ViewController.swift */; };
		D99BADBF2463025E00424507 /* Main.storyboard in Resources */ = {isa = PBXBuildFile; fileRef = D99BADBD2463025E00424507 /* Main.storyboard */; };
		D99BADC12463026000424507 /* Assets.xcassets in Resources */ = {isa = PBXBuildFile; fileRef = D99BADC02463026000424507 /* Assets.xcassets */; };
		D99BADC42463026000424507 /* LaunchScreen.storyboard in Resources */ = {isa = PBXBuildFile; fileRef = D99BADC22463026000424507 /* LaunchScreen.storyboard */; };
		D99BADCC24630AC900424507 /* AVLogic.swift in Sources */ = {isa = PBXBuildFile; fileRef = D99BADCB24630AC900424507 /* AVLogic.swift */; };
		D99BADCE24630C4000424507 /* 7A49A023-7DC2-4C62-AD48-3D489FBAC598.mov in Resources */ = {isa = PBXBuildFile; fileRef = D99BADCD24630C4000424507 /* 7A49A023-7DC2-4C62-AD48-3D489FBAC598.mov */; };
		D99BADD124630E2A00424507 /* IMG_7277.mp4 in Resources */ = {isa = PBXBuildFile; fileRef = D99BADD024630C9000424507 /* IMG_7277.mp4 */; };
/* End PBXBuildFile section */

/* Begin PBXFileReference section */
		D99BADB42463025E00424507 /* VideoOverlay-PoC.app */ = {isa = PBXFileReference; explicitFileType = wrapper.application; includeInIndex = 0; path = "VideoOverlay-PoC.app"; sourceTree = BUILT_PRODUCTS_DIR; };
		D99BADB72463025E00424507 /* AppDelegate.swift */ = {isa = PBXFileReference; lastKnownFileType = sourcecode.swift; path = AppDelegate.swift; sourceTree = "<group>"; };
		D99BADB92463025E00424507 /* SceneDelegate.swift */ = {isa = PBXFileReference; lastKnownFileType = sourcecode.swift; path = SceneDelegate.swift; sourceTree = "<group>"; };
		D99BADBB2463025E00424507 /* ViewController.swift */ = {isa = PBXFileReference; lastKnownFileType = sourcecode.swift; path = ViewController.swift; sourceTree = "<group>"; };
		D99BADBE2463025E00424507 /* Base */ = {isa = PBXFileReference; lastKnownFileType = file.storyboard; name = Base; path = Base.lproj/Main.storyboard; sourceTree = "<group>"; };
		D99BADC02463026000424507 /* Assets.xcassets */ = {isa = PBXFileReference; lastKnownFileType = folder.assetcatalog; path = Assets.xcassets; sourceTree = "<group>"; };
		D99BADC32463026000424507 /* Base */ = {isa = PBXFileReference; lastKnownFileType = file.storyboard; name = Base; path = Base.lproj/LaunchScreen.storyboard; sourceTree = "<group>"; };
		D99BADC52463026000424507 /* Info.plist */ = {isa = PBXFileReference; lastKnownFileType = text.plist.xml; path = Info.plist; sourceTree = "<group>"; };
		D99BADCB24630AC900424507 /* AVLogic.swift */ = {isa = PBXFileReference; lastKnownFileType = sourcecode.swift; path = AVLogic.swift; sourceTree = "<group>"; };
		D99BADCD24630C4000424507 /* 7A49A023-7DC2-4C62-AD48-3D489FBAC598.mov */ = {isa = PBXFileReference; lastKnownFileType = video.quicktime; path = "7A49A023-7DC2-4C62-AD48-3D489FBAC598.mov"; sourceTree = "<group>"; };
		D99BADD024630C9000424507 /* IMG_7277.mp4 */ = {isa = PBXFileReference; lastKnownFileType = file; path = IMG_7277.mp4; sourceTree = "<group>"; };
/* End PBXFileReference section */

/* Begin PBXFrameworksBuildPhase section */
		D99BADB12463025E00424507 /* Frameworks */ = {
			isa = PBXFrameworksBuildPhase;
			buildActionMask = 2147483647;
			files = (
			);
			runOnlyForDeploymentPostprocessing = 0;
		};
/* End PBXFrameworksBuildPhase section */

/* Begin PBXGroup section */
		D99BADAB2463025E00424507 = {
			isa = PBXGroup;
			children = (
				D99BADB62463025E00424507 /* VideoOverlay-PoC */,
				D99BADB52463025E00424507 /* Products */,
			);
			sourceTree = "<group>";
		};
		D99BADB52463025E00424507 /* Products */ = {
			isa = PBXGroup;
			children = (
				D99BADB42463025E00424507 /* VideoOverlay-PoC.app */,
			);
			name = Products;
			sourceTree = "<group>";
		};
		D99BADB62463025E00424507 /* VideoOverlay-PoC */ = {
			isa = PBXGroup;
			children = (
				D99BADB72463025E00424507 /* AppDelegate.swift */,
				D99BADB92463025E00424507 /* SceneDelegate.swift */,
				D99BADBB2463025E00424507 /* ViewController.swift */,
				D99BADBD2463025E00424507 /* Main.storyboard */,
				D99BADC02463026000424507 /* Assets.xcassets */,
				D99BADC22463026000424507 /* LaunchScreen.storyboard */,
				D99BADC52463026000424507 /* Info.plist */,
				D99BADCB24630AC900424507 /* AVLogic.swift */,
				D99BADCD24630C4000424507 /* 7A49A023-7DC2-4C62-AD48-3D489FBAC598.mov */,
				D99BADD024630C9000424507 /* IMG_7277.mp4 */,
			);
			path = "VideoOverlay-PoC";
			sourceTree = "<group>";
		};
/* End PBXGroup section */

/* Begin PBXNativeTarget section */
		D99BADB32463025E00424507 /* VideoOverlay-PoC */ = {
			isa = PBXNativeTarget;
			buildConfigurationList = D99BADC82463026000424507 /* Build configuration list for PBXNativeTarget "VideoOverlay-PoC" */;
			buildPhases = (
				D99BADB02463025E00424507 /* Sources */,
				D99BADB12463025E00424507 /* Frameworks */,
				D99BADB22463025E00424507 /* Resources */,
			);
			buildRules = (
			);
			dependencies = (
			);
			name = "VideoOverlay-PoC";
			productName = "VideoOverlay-PoC";
			productReference = D99BADB42463025E00424507 /* VideoOverlay-PoC.app */;
			productType = "com.apple.product-type.application";
		};
/* End PBXNativeTarget section */

/* Begin PBXProject section */
		D99BADAC2463025E00424507 /* Project object */ = {
			isa = PBXProject;
			attributes = {
				LastSwiftUpdateCheck = 1140;
				LastUpgradeCheck = 1140;
				ORGANIZATIONNAME = "Louis Fournier";
				TargetAttributes = {
					D99BADB32463025E00424507 = {
						CreatedOnToolsVersion = 11.4.1;
					};
				};
			};
			buildConfigurationList = D99BADAF2463025E00424507 /* Build configuration list for PBXProject "VideoOverlay-PoC" */;
			compatibilityVersion = "Xcode 9.3";
			developmentRegion = en;
			hasScannedForEncodings = 0;
			knownRegions = (
				en,
				Base,
			);
			mainGroup = D99BADAB2463025E00424507;
			productRefGroup = D99BADB52463025E00424507 /* Products */;
			projectDirPath = "";
			projectRoot = "";
			targets = (
				D99BADB32463025E00424507 /* VideoOverlay-PoC */,
			);
		};
/* End PBXProject section */

/* Begin PBXResourcesBuildPhase section */
		D99BADB22463025E00424507 /* Resources */ = {
			isa = PBXResourcesBuildPhase;
			buildActionMask = 2147483647;
			files = (
				D99BADD124630E2A00424507 /* IMG_7277.mp4 in Resources */,
				D99BADC42463026000424507 /* LaunchScreen.storyboard in Resources */,
				D99BADCE24630C4000424507 /* 7A49A023-7DC2-4C62-AD48-3D489FBAC598.mov in Resources */,
				D99BADC12463026000424507 /* Assets.xcassets in Resources */,
				D99BADBF2463025E00424507 /* Main.storyboard in Resources */,
			);
			runOnlyForDeploymentPostprocessing = 0;
		};
/* End PBXResourcesBuildPhase section */

/* Begin PBXSourcesBuildPhase section */
		D99BADB02463025E00424507 /* Sources */ = {
			isa = PBXSourcesBuildPhase;
			buildActionMask = 2147483647;
			files = (
				D99BADBC2463025E00424507 /* ViewController.swift in Sources */,
				D99BADCC24630AC900424507 /* AVLogic.swift in Sources */,
				D99BADB82463025E00424507 /* AppDelegate.swift in Sources */,
				D99BADBA2463025E00424507 /* SceneDelegate.swift in Sources */,
			);
			runOnlyForDeploymentPostprocessing = 0;
		};
/* End PBXSourcesBuildPhase section */

/* Begin PBXVariantGroup section */
		D99BADBD2463025E00424507 /* Main.storyboard */ = {
			isa = PBXVariantGroup;
			children = (
				D99BADBE2463025E00424507 /* Base */,
			);
			name = Main.storyboard;
			sourceTree = "<group>";
		};
		D99BADC22463026000424507 /* LaunchScreen.storyboard */ = {
			isa = PBXVariantGroup;
			children = (
				D99BADC32463026000424507 /* Base */,
			);
			name = LaunchScreen.storyboard;
			sourceTree = "<group>";
		};
/* End PBXVariantGroup section */

/* Begin XCBuildConfiguration section */
		D99BADC62463026000424507 /* Debug */ = {
			isa = XCBuildConfiguration;
			buildSettings = {
				ALWAYS_SEARCH_USER_PATHS = NO;
				CLANG_ANALYZER_NONNULL = YES;
				CLANG_ANALYZER_NUMBER_OBJECT_CONVERSION = YES_AGGRESSIVE;
				CLANG_CXX_LANGUAGE_STANDARD = "gnu++14";
				CLANG_CXX_LIBRARY = "libc++";
				CLANG_ENABLE_MODULES = YES;
				CLANG_ENABLE_OBJC_ARC = YES;
				CLANG_ENABLE_OBJC_WEAK = YES;
				CLANG_WARN_BLOCK_CAPTURE_AUTORELEASING = YES;
				CLANG_WARN_BOOL_CONVERSION = YES;
				CLANG_WARN_COMMA = YES;
				CLANG_WARN_CONSTANT_CONVERSION = YES;
				CLANG_WARN_DEPRECATED_OBJC_IMPLEMENTATIONS = YES;
				CLANG_WARN_DIRECT_OBJC_ISA_USAGE = YES_ERROR;
				CLANG_WARN_DOCUMENTATION_COMMENTS = YES;
				CLANG_WARN_EMPTY_BODY = YES;
				CLANG_WARN_ENUM_CONVERSION = YES;
				CLANG_WARN_INFINITE_RECURSION = YES;
				CLANG_WARN_INT_CONVERSION = YES;
				CLANG_WARN_NON_LITERAL_NULL_CONVERSION = YES;
				CLANG_WARN_OBJC_IMPLICIT_RETAIN_SELF = YES;
				CLANG_WARN_OBJC_LITERAL_CONVERSION = YES;
				CLANG_WARN_OBJC_ROOT_CLASS = YES_ERROR;
				CLANG_WARN_RANGE_LOOP_ANALYSIS = YES;
				CLANG_WARN_STRICT_PROTOTYPES = YES;
				CLANG_WARN_SUSPICIOUS_MOVE = YES;
				CLANG_WARN_UNGUARDED_AVAILABILITY = YES_AGGRESSIVE;
				CLANG_WARN_UNREACHABLE_CODE = YES;
				CLANG_WARN__DUPLICATE_METHOD_MATCH = YES;
				COPY_PHASE_STRIP = NO;
				DEBUG_INFORMATION_FORMAT = dwarf;
				ENABLE_STRICT_OBJC_MSGSEND = YES;
				ENABLE_TESTABILITY = YES;
				GCC_C_LANGUAGE_STANDARD = gnu11;
				GCC_DYNAMIC_NO_PIC = NO;
				GCC_NO_COMMON_BLOCKS = YES;
				GCC_OPTIMIZATION_LEVEL = 0;
				GCC_PREPROCESSOR_DEFINITIONS = (
					"DEBUG=1",
					"$(inherited)",
				);
				GCC_WARN_64_TO_32_BIT_CONVERSION = YES;
				GCC_WARN_ABOUT_RETURN_TYPE = YES_ERROR;
				GCC_WARN_UNDECLARED_SELECTOR = YES;
				GCC_WARN_UNINITIALIZED_AUTOS = YES_AGGRESSIVE;
				GCC_WARN_UNUSED_FUNCTION = YES;
				GCC_WARN_UNUSED_VARIABLE = YES;
				IPHONEOS_DEPLOYMENT_TARGET = 13.4;
				MTL_ENABLE_DEBUG_INFO = INCLUDE_SOURCE;
				MTL_FAST_MATH = YES;
				ONLY_ACTIVE_ARCH = YES;
				SDKROOT = iphoneos;
				SWIFT_ACTIVE_COMPILATION_CONDITIONS = DEBUG;
				SWIFT_OPTIMIZATION_LEVEL = "-Onone";
			};
			name = Debug;
		};
		D99BADC72463026000424507 /* Release */ = {
			isa = XCBuildConfiguration;
			buildSettings = {
				ALWAYS_SEARCH_USER_PATHS = NO;
				CLANG_ANALYZER_NONNULL = YES;
				CLANG_ANALYZER_NUMBER_OBJECT_CONVERSION = YES_AGGRESSIVE;
				CLANG_CXX_LANGUAGE_STANDARD = "gnu++14";
				CLANG_CXX_LIBRARY = "libc++";
				CLANG_ENABLE_MODULES = YES;
				CLANG_ENABLE_OBJC_ARC = YES;
				CLANG_ENABLE_OBJC_WEAK = YES;
				CLANG_WARN_BLOCK_CAPTURE_AUTORELEASING = YES;
				CLANG_WARN_BOOL_CONVERSION = YES;
				CLANG_WARN_COMMA = YES;
				CLANG_WARN_CONSTANT_CONVERSION = YES;
				CLANG_WARN_DEPRECATED_OBJC_IMPLEMENTATIONS = YES;
				CLANG_WARN_DIRECT_OBJC_ISA_USAGE = YES_ERROR;
				CLANG_WARN_DOCUMENTATION_COMMENTS = YES;
				CLANG_WARN_EMPTY_BODY = YES;
				CLANG_WARN_ENUM_CONVERSION = YES;
				CLANG_WARN_INFINITE_RECURSION = YES;
				CLANG_WARN_INT_CONVERSION = YES;
				CLANG_WARN_NON_LITERAL_NULL_CONVERSION = YES;
				CLANG_WARN_OBJC_IMPLICIT_RETAIN_SELF = YES;
				CLANG_WARN_OBJC_LITERAL_CONVERSION = YES;
				CLANG_WARN_OBJC_ROOT_CLASS = YES_ERROR;
				CLANG_WARN_RANGE_LOOP_ANALYSIS = YES;
				CLANG_WARN_STRICT_PROTOTYPES = YES;
				CLANG_WARN_SUSPICIOUS_MOVE = YES;
				CLANG_WARN_UNGUARDED_AVAILABILITY = YES_AGGRESSIVE;
				CLANG_WARN_UNREACHABLE_CODE = YES;
				CLANG_WARN__DUPLICATE_METHOD_MATCH = YES;
				COPY_PHASE_STRIP = NO;
				DEBUG_INFORMATION_FORMAT = "dwarf-with-dsym";
				ENABLE_NS_ASSERTIONS = NO;
				ENABLE_STRICT_OBJC_MSGSEND = YES;
				GCC_C_LANGUAGE_STANDARD = gnu11;
				GCC_NO_COMMON_BLOCKS = YES;
				GCC_WARN_64_TO_32_BIT_CONVERSION = YES;
				GCC_WARN_ABOUT_RETURN_TYPE = YES_ERROR;
				GCC_WARN_UNDECLARED_SELECTOR = YES;
				GCC_WARN_UNINITIALIZED_AUTOS = YES_AGGRESSIVE;
				GCC_WARN_UNUSED_FUNCTION = YES;
				GCC_WARN_UNUSED_VARIABLE = YES;
				IPHONEOS_DEPLOYMENT_TARGET = 13.4;
				MTL_ENABLE_DEBUG_INFO = NO;
				MTL_FAST_MATH = YES;
				SDKROOT = iphoneos;
				SWIFT_COMPILATION_MODE = wholemodule;
				SWIFT_OPTIMIZATION_LEVEL = "-O";
				VALIDATE_PRODUCT = YES;
			};
			name = Release;
		};
		D99BADC92463026000424507 /* Debug */ = {
			isa = XCBuildConfiguration;
			buildSettings = {
				ASSETCATALOG_COMPILER_APPICON_NAME = AppIcon;
				CODE_SIGN_STYLE = Automatic;
				DEVELOPMENT_TEAM = WVYBUZZ9L5;
				INFOPLIST_FILE = "VideoOverlay-PoC/Info.plist";
				LD_RUNPATH_SEARCH_PATHS = (
					"$(inherited)",
					"@executable_path/Frameworks",
				);
				PRODUCT_BUNDLE_IDENTIFIER = "lofo.VideoOverlay-PoC";
				PRODUCT_NAME = "$(TARGET_NAME)";
				SWIFT_VERSION = 5.0;
				TARGETED_DEVICE_FAMILY = "1,2";
			};
			name = Debug;
		};
		D99BADCA2463026000424507 /* Release */ = {
			isa = XCBuildConfiguration;
			buildSettings = {
				ASSETCATALOG_COMPILER_APPICON_NAME = AppIcon;
				CODE_SIGN_STYLE = Automatic;
				DEVELOPMENT_TEAM = WVYBUZZ9L5;
				INFOPLIST_FILE = "VideoOverlay-PoC/Info.plist";
				LD_RUNPATH_SEARCH_PATHS = (
					"$(inherited)",
					"@executable_path/Frameworks",
				);
				PRODUCT_BUNDLE_IDENTIFIER = "lofo.VideoOverlay-PoC";
				PRODUCT_NAME = "$(TARGET_NAME)";
				SWIFT_VERSION = 5.0;
				TARGETED_DEVICE_FAMILY = "1,2";
			};
			name = Release;
		};
/* End XCBuildConfiguration section */

/* Begin XCConfigurationList section */
		D99BADAF2463025E00424507 /* Build configuration list for PBXProject "VideoOverlay-PoC" */ = {
			isa = XCConfigurationList;
			buildConfigurations = (
				D99BADC62463026000424507 /* Debug */,
				D99BADC72463026000424507 /* Release */,
			);
			defaultConfigurationIsVisible = 0;
			defaultConfigurationName = Release;
		};
		D99BADC82463026000424507 /* Build configuration list for PBXNativeTarget "VideoOverlay-PoC" */ = {
			isa = XCConfigurationList;
			buildConfigurations = (
				D99BADC92463026000424507 /* Debug */,
				D99BADCA2463026000424507 /* Release */,
			);
			defaultConfigurationIsVisible = 0;
			defaultConfigurationName = Release;
		};
/* End XCConfigurationList section */
	};
	rootObject = D99BADAC2463025E00424507 /* Project object */;
}
